schema: '2.0'
stages:

  download:
    cmd: stages/01_download.sh
    deps:
    - path: stages/01_download.sh
      hash: md5
      md5: a79ac4e7073a77d3f5cf7a4dc8f50f27
      size: 2847
    outs:
    - path: download
      hash: md5
      md5: cfda836f0f31fc17ac15f3ce6fd690c3.dir
      size: 123500990
      nfiles: 28

  build:
    cmd: stages/03_build.sh
    deps:
    - path: download
      hash: md5
      md5: 0036026dd7cf4e5b444b2aa8383c950c.dir
      size: 747310546
      nfiles: 28
    - path: stages/03_build.sh
      md5: eb2faacb4bfa585f2e9f182ceebaa3ff
      size: 436
    - path: stages/csv2parquet.py
      hash: md5
      md5: 2af56272a4f034d097a31cfa7f6294c7
      size: 1234
    outs:
    - path: brick
      hash: md5
      md5: c512c3d1d9946e91955e675d1bb753d6.dir
      size: 70571601
      nfiles: 37
      
  unzip:
    cmd: stages/02_unzip.sh
    deps:
    - path: download
      hash: md5
      md5: 0036026dd7cf4e5b444b2aa8383c950c.dir
      size: 747310546
      nfiles: 28
    - path: stages/02_unzip.sh
      md5: 8f7247ab18197feb8cc67692ee1eff43
      size: 485
