schema: '2.0'
stages:
  download_data:
    cmd: Rscript R/download.R
    deps:
    - path: R/download.R
      md5: 9b4d9d5864cf6d275301aee50a79d8af
      size: 1078
    outs:
    - path: download/
      md5: edd921b2c3918ccbc77bff37c3177462.dir
      size: 20058283
      nfiles: 10
  build_data:
    cmd: Rscript R/build.R
    deps:
    - path: R/build.R
      md5: 0921d0cbb01402d6d9781c1f63c0be2a
      size: 546
    - path: download/
      md5: edd921b2c3918ccbc77bff37c3177462.dir
      size: 20058283
      nfiles: 10
    outs:
    - path: data/
      md5: a6ba3784a85d18e747b092f851031a7a.dir
      size: 2843193
      nfiles: 10
  download:
    cmd: stages/01_download.sh
    deps:
    - path: stages/01_download.sh
      hash: md5
      md5: a79ac4e7073a77d3f5cf7a4dc8f50f27
      size: 2847
    outs:
    - path: download
      hash: md5
      md5: cfda836f0f31fc17ac15f3ce6fd690c3.dir
      size: 123500990
      nfiles: 28
  build:
    cmd: stages/03_build.sh
    deps:
    - path: download
      hash: md5
      md5: 0036026dd7cf4e5b444b2aa8383c950c.dir
      size: 747310546
      nfiles: 28
    - path: stages/03_build.sh
      md5: eb2faacb4bfa585f2e9f182ceebaa3ff
      size: 436
    - path: stages/csv2parquet.py
      hash: md5
      md5: 2af56272a4f034d097a31cfa7f6294c7
      size: 1234
    outs:
    - path: brick
      hash: md5
      md5: c512c3d1d9946e91955e675d1bb753d6.dir
      size: 70571601
      nfiles: 37
  unzip:
    cmd: stages/02_unzip.sh
    deps:
    - path: download
      hash: md5
      md5: 0036026dd7cf4e5b444b2aa8383c950c.dir
      size: 747310546
      nfiles: 28
    - path: stages/02_unzip.sh
      md5: 8f7247ab18197feb8cc67692ee1eff43
      size: 485
