schema: '2.0'
stages:

  download:
    cmd: stages/01_download.sh
    deps:
    - path: stages/01_download.sh
      hash: md5
      md5: a79ac4e7073a77d3f5cf7a4dc8f50f27
      size: 2847
    outs:
    - path: download
      hash: md5
      md5: 18e0c3f3c0eea29990e32f36f87a4ed5.dir
      size: 119880936
      nfiles: 27
  build:
    cmd: stages/03_build.sh
    deps:
    - path: download
      hash: md5
      md5: 18e0c3f3c0eea29990e32f36f87a4ed5.dir
      size: 119880936
      nfiles: 27
    - path: stages/03_build.sh
      md5: eb2faacb4bfa585f2e9f182ceebaa3ff
      size: 436
    - path: stages/csv2parquet.py
      hash: md5
      md5: 3a018713fa020b0a8517aba08d0a9622
      size: 1202
    outs:
    - path: brick/
      hash: md5
      md5: c8b9339d9be2513a94996b05b4ccb970.dir
      size: 46195550
      nfiles: 26
  unzip:
    cmd: stages/02_unzip.sh
    deps:
    - path: download
      hash: md5
      md5: de0128694a39ae0c1aa1bbf4e7a6f6c1.dir
      size: 743690492
      nfiles: 27
    - path: stages/02_unzip.sh
      md5: 8f7247ab18197feb8cc67692ee1eff43
      size: 485
